
Microsoft Visual Studio Solution File, Format Version 12.00
# Visual Studio Version 16
VisualStudioVersion = 16.0.32929.386
MinimumVisualStudioVersion = 10.0.40219.1
Project("{FAE04EC0-301F-11D3-BF4B-00C04F79EFBC}") = "RickyMorty.UWP", "RickyMorty\RickyMorty.UWP\RickyMorty.UWP.csproj", "{363A5C50-25F8-4FEF-82C3-D54ECF6FE042}"
EndProject
Project("{FAE04EC0-301F-11D3-BF4B-00C04F79EFBC}") = "RickyMorty.Android", "RickyMorty\RickyMorty.Android\RickyMorty.Android.csproj", "{1DC5B00A-79DB-457F-B6A1-2787EDB3B8AB}"
EndProject
Project("{FAE04EC0-301F-11D3-BF4B-00C04F79EFBC}") = "RickyMorty.iOS", "RickyMorty\RickyMorty.iOS\RickyMorty.iOS.csproj", "{6DBA3D0B-C6EC-43B1-A04C-97FD7CD32397}"
EndProject
Project("{FAE04EC0-301F-11D3-BF4B-00C04F79EFBC}") = "RickyMorty", "RickyMorty\RickyMorty\RickyMorty.csproj", "{AA1962B2-D896-46D4-9CBB-6A43A1342F51}"
EndProject
Global
	GlobalSection(SolutionConfigurationPlatforms) = preSolution
		Debug|Any CPU = Debug|Any CPU
		Debug|ARM = Debug|ARM
		Debug|iPhone = Debug|iPhone
		Debug|iPhoneSimulator = Debug|iPhoneSimulator
		Debug|x64 = Debug|x64
		Debug|x86 = Debug|x86
		Release|Any CPU = Release|Any CPU
		Release|ARM = Release|ARM
		Release|iPhone = Release|iPhone
		Release|iPhoneSimulator = Release|iPhoneSimulator
		Release|x64 = Release|x64
		Release|x86 = Release|x86
	EndGlobalSection
	GlobalSection(ProjectConfigurationPlatforms) = postSolution
		{363A5C50-25F8-4FEF-82C3-D54ECF6FE042}.Debug|Any CPU.ActiveCfg = Debug|x86
		{363A5C50-25F8-4FEF-82C3-D54ECF6FE042}.Debug|Any CPU.Build.0 = Debug|x86
		{363A5C50-25F8-4FEF-82C3-D54ECF6FE042}.Debug|Any CPU.Deploy.0 = Debug|x86
		{363A5C50-25F8-4FEF-82C3-D54ECF6FE042}.Debug|ARM.ActiveCfg = Debug|ARM
		{363A5C50-25F8-4FEF-82C3-D54ECF6FE042}.Debug|ARM.Build.0 = Debug|ARM
		{363A5C50-25F8-4FEF-82C3-D54ECF6FE042}.Debug|ARM.Deploy.0 = Debug|ARM
		{363A5C50-25F8-4FEF-82C3-D54ECF6FE042}.Debug|iPhone.ActiveCfg = Debug|x86
		{363A5C50-25F8-4FEF-82C3-D54ECF6FE042}.Debug|iPhone.Build.0 = Debug|x86
		{363A5C50-25F8-4FEF-82C3-D54ECF6FE042}.Debug|iPhone.Deploy.0 = Debug|x86
		{363A5C50-25F8-4FEF-82C3-D54ECF6FE042}.Debug|iPhoneSimulator.ActiveCfg = Debug|x86
		{363A5C50-25F8-4FEF-82C3-D54ECF6FE042}.Debug|iPhoneSimulator.Build.0 = Debug|x86
		{363A5C50-25F8-4FEF-82C3-D54ECF6FE042}.Debug|iPhoneSimulator.Deploy.0 = Debug|x86
		{363A5C50-25F8-4FEF-82C3-D54ECF6FE042}.Debug|x64.ActiveCfg = Debug|x64
		{363A5C50-25F8-4FEF-82C3-D54ECF6FE042}.Debug|x64.Build.0 = Debug|x64
		{363A5C50-25F8-4FEF-82C3-D54ECF6FE042}.Debug|x64.Deploy.0 = Debug|x64
		{363A5C50-25F8-4FEF-82C3-D54ECF6FE042}.Debug|x86.ActiveCfg = Debug|x86
		{363A5C50-25F8-4FEF-82C3-D54ECF6FE042}.Debug|x86.Build.0 = Debug|x86
		{363A5C50-25F8-4FEF-82C3-D54ECF6FE042}.Debug|x86.Deploy.0 = Debug|x86
		{363A5C50-25F8-4FEF-82C3-D54ECF6FE042}.Release|Any CPU.ActiveCfg = Release|x86
		{363A5C50-25F8-4FEF-82C3-D54ECF6FE042}.Release|Any CPU.Build.0 = Release|x86
		{363A5C50-25F8-4FEF-82C3-D54ECF6FE042}.Release|Any CPU.Deploy.0 = Release|x86
		{363A5C50-25F8-4FEF-82C3-D54ECF6FE042}.Release|ARM.ActiveCfg = Release|ARM
		{363A5C50-25F8-4FEF-82C3-D54ECF6FE042}.Release|ARM.Build.0 = Release|ARM
		{363A5C50-25F8-4FEF-82C3-D54ECF6FE042}.Release|ARM.Deploy.0 = Release|ARM
		{363A5C50-25F8-4FEF-82C3-D54ECF6FE042}.Release|iPhone.ActiveCfg = Release|x86
		{363A5C50-25F8-4FEF-82C3-D54ECF6FE042}.Release|iPhone.Build.0 = Release|x86
		{363A5C50-25F8-4FEF-82C3-D54ECF6FE042}.Release|iPhone.Deploy.0 = Release|x86
		{363A5C50-25F8-4FEF-82C3-D54ECF6FE042}.Release|iPhoneSimulator.ActiveCfg = Release|x86
		{363A5C50-25F8-4FEF-82C3-D54ECF6FE042}.Release|iPhoneSimulator.Build.0 = Release|x86
		{363A5C50-25F8-4FEF-82C3-D54ECF6FE042}.Release|iPhoneSimulator.Deploy.0 = Release|x86
		{363A5C50-25F8-4FEF-82C3-D54ECF6FE042}.Release|x64.ActiveCfg = Release|x64
		{363A5C50-25F8-4FEF-82C3-D54ECF6FE042}.Release|x64.Build.0 = Release|x64
		{363A5C50-25F8-4FEF-82C3-D54ECF6FE042}.Release|x64.Deploy.0 = Release|x64
		{363A5C50-25F8-4FEF-82C3-D54ECF6FE042}.Release|x86.ActiveCfg = Release|x86
		{363A5C50-25F8-4FEF-82C3-D54ECF6FE042}.Release|x86.Build.0 = Release|x86
		{363A5C50-25F8-4FEF-82C3-D54ECF6FE042}.Release|x86.Deploy.0 = Release|x86
		{1DC5B00A-79DB-457F-B6A1-2787EDB3B8AB}.Debug|Any CPU.ActiveCfg = Debug|Any CPU
		{1DC5B00A-79DB-457F-B6A1-2787EDB3B8AB}.Debug|Any CPU.Build.0 = Debug|Any CPU
		{1DC5B00A-79DB-457F-B6A1-2787EDB3B8AB}.Debug|Any CPU.Deploy.0 = Debug|Any CPU
		{1DC5B00A-79DB-457F-B6A1-2787EDB3B8AB}.Debug|ARM.ActiveCfg = Debug|Any CPU
		{1DC5B00A-79DB-457F-B6A1-2787EDB3B8AB}.Debug|ARM.Build.0 = Debug|Any CPU
		{1DC5B00A-79DB-457F-B6A1-2787EDB3B8AB}.Debug|ARM.Deploy.0 = Debug|Any CPU
		{1DC5B00A-79DB-457F-B6A1-2787EDB3B8AB}.Debug|iPhone.ActiveCfg = Debug|Any CPU
		{1DC5B00A-79DB-457F-B6A1-2787EDB3B8AB}.Debug|iPhone.Build.0 = Debug|Any CPU
		{1DC5B00A-79DB-457F-B6A1-2787EDB3B8AB}.Debug|iPhone.Deploy.0 = Debug|Any CPU
		{1DC5B00A-79DB-457F-B6A1-2787EDB3B8AB}.Debug|iPhoneSimulator.ActiveCfg = Debug|Any CPU
		{1DC5B00A-79DB-457F-B6A1-2787EDB3B8AB}.Debug|iPhoneSimulator.Build.0 = Debug|Any CPU
		{1DC5B00A-79DB-457F-B6A1-2787EDB3B8AB}.Debug|iPhoneSimulator.Deploy.0 = Debug|Any CPU
		{1DC5B00A-79DB-457F-B6A1-2787EDB3B8AB}.Debug|x64.ActiveCfg = Debug|Any CPU
		{1DC5B00A-79DB-457F-B6A1-2787EDB3B8AB}.Debug|x64.Build.0 = Debug|Any CPU
		{1DC5B00A-79DB-457F-B6A1-2787EDB3B8AB}.Debug|x64.Deploy.0 = Debug|Any CPU
		{1DC5B00A-79DB-457F-B6A1-2787EDB3B8AB}.Debug|x86.ActiveCfg = Debug|Any CPU
		{1DC5B00A-79DB-457F-B6A1-2787EDB3B8AB}.Debug|x86.Build.0 = Debug|Any CPU
		{1DC5B00A-79DB-457F-B6A1-2787EDB3B8AB}.Debug|x86.Deploy.0 = Debug|Any CPU
		{1DC5B00A-79DB-457F-B6A1-2787EDB3B8AB}.Release|Any CPU.ActiveCfg = Release|Any CPU
		{1DC5B00A-79DB-457F-B6A1-2787EDB3B8AB}.Release|Any CPU.Build.0 = Release|Any CPU
		{1DC5B00A-79DB-457F-B6A1-2787EDB3B8AB}.Release|Any CPU.Deploy.0 = Release|Any CPU
		{1DC5B00A-79DB-457F-B6A1-2787EDB3B8AB}.Release|ARM.ActiveCfg = Release|Any CPU
		{1DC5B00A-79DB-457F-B6A1-2787EDB3B8AB}.Release|ARM.Build.0 = Release|Any CPU
		{1DC5B00A-79DB-457F-B6A1-2787EDB3B8AB}.Release|ARM.Deploy.0 = Release|Any CPU
		{1DC5B00A-79DB-457F-B6A1-2787EDB3B8AB}.Release|iPhone.ActiveCfg = Release|Any CPU
		{1DC5B00A-79DB-457F-B6A1-2787EDB3B8AB}.Release|iPhone.Build.0 = Release|Any CPU
		{1DC5B00A-79DB-457F-B6A1-2787EDB3B8AB}.Release|iPhone.Deploy.0 = Release|Any CPU
		{1DC5B00A-79DB-457F-B6A1-2787EDB3B8AB}.Release|iPhoneSimulator.ActiveCfg = Release|Any CPU
		{1DC5B00A-79DB-457F-B6A1-2787EDB3B8AB}.Release|iPhoneSimulator.Build.0 = Release|Any CPU
		{1DC5B00A-79DB-457F-B6A1-2787EDB3B8AB}.Release|iPhoneSimulator.Deploy.0 = Release|Any CPU
		{1DC5B00A-79DB-457F-B6A1-2787EDB3B8AB}.Release|x64.ActiveCfg = Release|Any CPU
		{1DC5B00A-79DB-457F-B6A1-2787EDB3B8AB}.Release|x64.Build.0 = Release|Any CPU
		{1DC5B00A-79DB-457F-B6A1-2787EDB3B8AB}.Release|x64.Deploy.0 = Release|Any CPU
		{1DC5B00A-79DB-457F-B6A1-2787EDB3B8AB}.Release|x86.ActiveCfg = Release|Any CPU
		{1DC5B00A-79DB-457F-B6A1-2787EDB3B8AB}.Release|x86.Build.0 = Release|Any CPU
		{1DC5B00A-79DB-457F-B6A1-2787EDB3B8AB}.Release|x86.Deploy.0 = Release|Any CPU
		{6DBA3D0B-C6EC-43B1-A04C-97FD7CD32397}.Debug|Any CPU.ActiveCfg = Debug|iPhoneSimulator
		{6DBA3D0B-C6EC-43B1-A04C-97FD7CD32397}.Debug|Any CPU.Build.0 = Debug|iPhoneSimulator
		{6DBA3D0B-C6EC-43B1-A04C-97FD7CD32397}.Debug|Any CPU.Deploy.0 = Debug|iPhoneSimulator
		{6DBA3D0B-C6EC-43B1-A04C-97FD7CD32397}.Debug|ARM.ActiveCfg = Debug|iPhone
		{6DBA3D0B-C6EC-43B1-A04C-97FD7CD32397}.Debug|ARM.Build.0 = Debug|iPhone
		{6DBA3D0B-C6EC-43B1-A04C-97FD7CD32397}.Debug|ARM.Deploy.0 = Debug|iPhone
		{6DBA3D0B-C6EC-43B1-A04C-97FD7CD32397}.Debug|iPhone.ActiveCfg = Debug|iPhone
		{6DBA3D0B-C6EC-43B1-A04C-97FD7CD32397}.Debug|iPhone.Build.0 = Debug|iPhone
		{6DBA3D0B-C6EC-43B1-A04C-97FD7CD32397}.Debug|iPhone.Deploy.0 = Debug|iPhone
		{6DBA3D0B-C6EC-43B1-A04C-97FD7CD32397}.Debug|iPhoneSimulator.ActiveCfg = Debug|iPhoneSimulator
		{6DBA3D0B-C6EC-43B1-A04C-97FD7CD32397}.Debug|iPhoneSimulator.Build.0 = Debug|iPhoneSimulator
		{6DBA3D0B-C6EC-43B1-A04C-97FD7CD32397}.Debug|iPhoneSimulator.Deploy.0 = Debug|iPhoneSimulator
		{6DBA3D0B-C6EC-43B1-A04C-97FD7CD32397}.Debug|x64.ActiveCfg = Debug|iPhoneSimulator
		{6DBA3D0B-C6EC-43B1-A04C-97FD7CD32397}.Debug|x64.Build.0 = Debug|iPhoneSimulator
		{6DBA3D0B-C6EC-43B1-A04C-97FD7CD32397}.Debug|x64.Deploy.0 = Debug|iPhoneSimulator
		{6DBA3D0B-C6EC-43B1-A04C-97FD7CD32397}.Debug|x86.ActiveCfg = Debug|iPhoneSimulator
		{6DBA3D0B-C6EC-43B1-A04C-97FD7CD32397}.Debug|x86.Build.0 = Debug|iPhoneSimulator
		{6DBA3D0B-C6EC-43B1-A04C-97FD7CD32397}.Debug|x86.Deploy.0 = Debug|iPhoneSimulator
		{6DBA3D0B-C6EC-43B1-A04C-97FD7CD32397}.Release|Any CPU.ActiveCfg = Release|iPhoneSimulator
		{6DBA3D0B-C6EC-43B1-A04C-97FD7CD32397}.Release|Any CPU.Build.0 = Release|iPhoneSimulator
		{6DBA3D0B-C6EC-43B1-A04C-97FD7CD32397}.Release|Any CPU.Deploy.0 = Release|iPhoneSimulator
		{6DBA3D0B-C6EC-43B1-A04C-97FD7CD32397}.Release|ARM.ActiveCfg = Release|iPhoneSimulator
		{6DBA3D0B-C6EC-43B1-A04C-97FD7CD32397}.Release|ARM.Build.0 = Release|iPhoneSimulator
		{6DBA3D0B-C6EC-43B1-A04C-97FD7CD32397}.Release|ARM.Deploy.0 = Release|iPhoneSimulator
		{6DBA3D0B-C6EC-43B1-A04C-97FD7CD32397}.Release|iPhone.ActiveCfg = Release|iPhone
		{6DBA3D0B-C6EC-43B1-A04C-97FD7CD32397}.Release|iPhone.Build.0 = Release|iPhone
		{6DBA3D0B-C6EC-43B1-A04C-97FD7CD32397}.Release|iPhone.Deploy.0 = Release|iPhone
		{6DBA3D0B-C6EC-43B1-A04C-97FD7CD32397}.Release|iPhoneSimulator.ActiveCfg = Release|iPhoneSimulator
		{6DBA3D0B-C6EC-43B1-A04C-97FD7CD32397}.Release|iPhoneSimulator.Build.0 = Release|iPhoneSimulator
		{6DBA3D0B-C6EC-43B1-A04C-97FD7CD32397}.Release|iPhoneSimulator.Deploy.0 = Release|iPhoneSimulator
		{6DBA3D0B-C6EC-43B1-A04C-97FD7CD32397}.Release|x64.ActiveCfg = Release|iPhoneSimulator
		{6DBA3D0B-C6EC-43B1-A04C-97FD7CD32397}.Release|x64.Build.0 = Release|iPhoneSimulator
		{6DBA3D0B-C6EC-43B1-A04C-97FD7CD32397}.Release|x64.Deploy.0 = Release|iPhoneSimulator
		{6DBA3D0B-C6EC-43B1-A04C-97FD7CD32397}.Release|x86.ActiveCfg = Release|iPhoneSimulator
		{6DBA3D0B-C6EC-43B1-A04C-97FD7CD32397}.Release|x86.Build.0 = Release|iPhoneSimulator
		{6DBA3D0B-C6EC-43B1-A04C-97FD7CD32397}.Release|x86.Deploy.0 = Release|iPhoneSimulator
		{AA1962B2-D896-46D4-9CBB-6A43A1342F51}.Debug|Any CPU.ActiveCfg = Debug|Any CPU
		{AA1962B2-D896-46D4-9CBB-6A43A1342F51}.Debug|Any CPU.Build.0 = Debug|Any CPU
		{AA1962B2-D896-46D4-9CBB-6A43A1342F51}.Debug|Any CPU.Deploy.0 = Debug|Any CPU
		{AA1962B2-D896-46D4-9CBB-6A43A1342F51}.Debug|ARM.ActiveCfg = Debug|Any CPU
		{AA1962B2-D896-46D4-9CBB-6A43A1342F51}.Debug|ARM.Build.0 = Debug|Any CPU
		{AA1962B2-D896-46D4-9CBB-6A43A1342F51}.Debug|ARM.Deploy.0 = Debug|Any CPU
		{AA1962B2-D896-46D4-9CBB-6A43A1342F51}.Debug|iPhone.ActiveCfg = Debug|Any CPU
		{AA1962B2-D896-46D4-9CBB-6A43A1342F51}.Debug|iPhone.Build.0 = Debug|Any CPU
		{AA1962B2-D896-46D4-9CBB-6A43A1342F51}.Debug|iPhone.Deploy.0 = Debug|Any CPU
		{AA1962B2-D896-46D4-9CBB-6A43A1342F51}.Debug|iPhoneSimulator.ActiveCfg = Debug|Any CPU
		{AA1962B2-D896-46D4-9CBB-6A43A1342F51}.Debug|iPhoneSimulator.Build.0 = Debug|Any CPU
		{AA1962B2-D896-46D4-9CBB-6A43A1342F51}.Debug|iPhoneSimulator.Deploy.0 = Debug|Any CPU
		{AA1962B2-D896-46D4-9CBB-6A43A1342F51}.Debug|x64.ActiveCfg = Debug|Any CPU
		{AA1962B2-D896-46D4-9CBB-6A43A1342F51}.Debug|x64.Build.0 = Debug|Any CPU
		{AA1962B2-D896-46D4-9CBB-6A43A1342F51}.Debug|x64.Deploy.0 = Debug|Any CPU
		{AA1962B2-D896-46D4-9CBB-6A43A1342F51}.Debug|x86.ActiveCfg = Debug|Any CPU
		{AA1962B2-D896-46D4-9CBB-6A43A1342F51}.Debug|x86.Build.0 = Debug|Any CPU
		{AA1962B2-D896-46D4-9CBB-6A43A1342F51}.Debug|x86.Deploy.0 = Debug|Any CPU
		{AA1962B2-D896-46D4-9CBB-6A43A1342F51}.Release|Any CPU.ActiveCfg = Release|Any CPU
		{AA1962B2-D896-46D4-9CBB-6A43A1342F51}.Release|Any CPU.Build.0 = Release|Any CPU
		{AA1962B2-D896-46D4-9CBB-6A43A1342F51}.Release|Any CPU.Deploy.0 = Release|Any CPU
		{AA1962B2-D896-46D4-9CBB-6A43A1342F51}.Release|ARM.ActiveCfg = Release|Any CPU
		{AA1962B2-D896-46D4-9CBB-6A43A1342F51}.Release|ARM.Build.0 = Release|Any CPU
		{AA1962B2-D896-46D4-9CBB-6A43A1342F51}.Release|ARM.Deploy.0 = Release|Any CPU
		{AA1962B2-D896-46D4-9CBB-6A43A1342F51}.Release|iPhone.ActiveCfg = Release|Any CPU
		{AA1962B2-D896-46D4-9CBB-6A43A1342F51}.Release|iPhone.Build.0 = Release|Any CPU
		{AA1962B2-D896-46D4-9CBB-6A43A1342F51}.Release|iPhone.Deploy.0 = Release|Any CPU
		{AA1962B2-D896-46D4-9CBB-6A43A1342F51}.Release|iPhoneSimulator.ActiveCfg = Release|Any CPU
		{AA1962B2-D896-46D4-9CBB-6A43A1342F51}.Release|iPhoneSimulator.Build.0 = Release|Any CPU
		{AA1962B2-D896-46D4-9CBB-6A43A1342F51}.Release|iPhoneSimulator.Deploy.0 = Release|Any CPU
		{AA1962B2-D896-46D4-9CBB-6A43A1342F51}.Release|x64.ActiveCfg = Release|Any CPU
		{AA1962B2-D896-46D4-9CBB-6A43A1342F51}.Release|x64.Build.0 = Release|Any CPU
		{AA1962B2-D896-46D4-9CBB-6A43A1342F51}.Release|x64.Deploy.0 = Release|Any CPU
		{AA1962B2-D896-46D4-9CBB-6A43A1342F51}.Release|x86.ActiveCfg = Release|Any CPU
		{AA1962B2-D896-46D4-9CBB-6A43A1342F51}.Release|x86.Build.0 = Release|Any CPU
		{AA1962B2-D896-46D4-9CBB-6A43A1342F51}.Release|x86.Deploy.0 = Release|Any CPU
	EndGlobalSection
	GlobalSection(SolutionProperties) = preSolution
		HideSolutionNode = FALSE
	EndGlobalSection
	GlobalSection(ExtensibilityGlobals) = postSolution
		SolutionGuid = {7BAD2101-A5BE-4D5E-877E-81245AB34429}
	EndGlobalSection
EndGlobal
